dependencies:
- name: node-exporter
  repository: oci://registry-1.docker.io/bitnamicharts
  version: 4.5.16
- name: kube-state-metrics
  repository: oci://registry-1.docker.io/bitnamicharts
  version: 4.4.0
- name: common
  repository: oci://registry-1.docker.io/bitnamicharts
  version: 2.31.3
- name: kube-prometheus-crds
  repository: file://./charts/kube-prometheus-crds
  version: 0.1.0
digest: sha256:1d298fc3b5d29cbd1b7929399cbae6377f22a98ba91c226e408b4f2d295d52db
generated: "2025-06-30T12:27:41.261664138+05:30"
