dependencies:
- name: memcached
  repository: oci://registry-1.docker.io/bitnamicharts
  version: 7.8.6
- name: memcached
  repository: oci://registry-1.docker.io/bitnamicharts
  version: 7.8.6
- name: memcached
  repository: oci://registry-1.docker.io/bitnamicharts
  version: 7.8.6
- name: memcached
  repository: oci://registry-1.docker.io/bitnamicharts
  version: 7.8.6
- name: common
  repository: oci://registry-1.docker.io/bitnamicharts
  version: 2.31.3
digest: sha256:913beeb10e7a765454a41f258917142b29557bcb1adc04efe31615dcfc8dec2c
generated: "2025-06-30T12:26:33.267760258+05:30"
